{
  "name": "wwwroot",
  "version": "1.0.0",
  "lockfileVersion": 1,
  "requires": true,
  "dependencies": {
    "@aspnet/signalr": {
      "version": "1.0.0-preview1-update1",
      "resolved": "https://registry.npmjs.org/@aspnet/signalr/-/signalr-1.0.0-preview1-update1.tgz",
      "integrity": "sha512-TGFCoLa2svN37Ew5ue0kGFxbkmQzq2I9N5TMLFBWRrpTYF4txlE3yPX0EaPt/NToKBaK1A+VK8Q+1MGSYtnqUw=="
    },
    "bootstrap": {
      "version": "4.0.0",
      "resolved": "https://registry.npmjs.org/bootstrap/-/bootstrap-4.0.0.tgz",
      "integrity": "sha512-gulJE5dGFo6Q61V/whS6VM4WIyrlydXfCgkE+Gxe5hjrJ8rXLLZlALq7zq2RPhOc45PSwQpJkrTnc2KgD6cvmA=="
    }
  }
}
